// !$*UTF8*$!
{
	archiveVersion = 1;
	classes = {
	};
	objectVersion = 46;
	objects = {

/* Begin PBXBuildFile section */
		A17167D01CEB102700E7F6AE /* AppDelegate.swift in Sources */ = {isa = PBXBuildFile; fileRef = A17167CF1CEB102700E7F6AE /* AppDelegate.swift */; };
		A17167D51CEB102700E7F6AE /* Main.storyboard in Resources */ = {isa = PBXBuildFile; fileRef = A17167D31CEB102700E7F6AE /* Main.storyboard */; };
		A17167D71CEB102700E7F6AE /* Assets.xcassets in Resources */ = {isa = PBXBuildFile; fileRef = A17167D61CEB102700E7F6AE /* Assets.xcassets */; };
		A17167DA1CEB102700E7F6AE /* LaunchScreen.storyboard in Resources */ = {isa = PBXBuildFile; fileRef = A17167D81CEB102700E7F6AE /* LaunchScreen.storyboard */; };
		A18F23A51D017A7B00129EA7 /* MapView.swift in Sources */ = {isa = PBXBuildFile; fileRef = A18F23A41D017A7B00129EA7 /* MapView.swift */; };
		A18F23D51D046FAF00129EA7 /* Search.swift in Sources */ = {isa = PBXBuildFile; fileRef = A18F23D41D046FAF00129EA7 /* Search.swift */; };
		A1AD702A1D05C55A00407FDF /* MapKit.framework in Frameworks */ = {isa = PBXBuildFile; fileRef = A1AD70291D05C55A00407FDF /* MapKit.framework */; };
		A1AD705C1D12270100407FDF /* ShowMap.swift in Sources */ = {isa = PBXBuildFile; fileRef = A1AD705B1D12270100407FDF /* ShowMap.swift */; };
		A1AD705E1D12A5A700407FDF /* MyList.swift in Sources */ = {isa = PBXBuildFile; fileRef = A1AD705D1D12A5A700407FDF /* MyList.swift */; };
/* End PBXBuildFile section */

/* Begin PBXFileReference section */
		A17167CC1CEB102700E7F6AE /* XMLParsingDemo.app */ = {isa = PBXFileReference; explicitFileType = wrapper.application; includeInIndex = 0; path = XMLParsingDemo.app; sourceTree = BUILT_PRODUCTS_DIR; };
		A17167CF1CEB102700E7F6AE /* AppDelegate.swift */ = {isa = PBXFileReference; lastKnownFileType = sourcecode.swift; path = AppDelegate.swift; sourceTree = "<group>"; };
		A17167D41CEB102700E7F6AE /* Base */ = {isa = PBXFileReference; lastKnownFileType = file.storyboard; name = Base; path = Base.lproj/Main.storyboard; sourceTree = "<group>"; };
		A17167D61CEB102700E7F6AE /* Assets.xcassets */ = {isa = PBXFileReference; lastKnownFileType = folder.assetcatalog; path = Assets.xcassets; sourceTree = "<group>"; };
		A17167D91CEB102700E7F6AE /* Base */ = {isa = PBXFileReference; lastKnownFileType = file.storyboard; name = Base; path = Base.lproj/LaunchScreen.storyboard; sourceTree = "<group>"; };
		A17167DB1CEB102700E7F6AE /* Info.plist */ = {isa = PBXFileReference; lastKnownFileType = text.plist.xml; path = Info.plist; sourceTree = "<group>"; };
		A18F23A41D017A7B00129EA7 /* MapView.swift */ = {isa = PBXFileReference; fileEncoding = 4; lastKnownFileType = sourcecode.swift; path = MapView.swift; sourceTree = "<group>"; };
		A18F23D41D046FAF00129EA7 /* Search.swift */ = {isa = PBXFileReference; fileEncoding = 4; lastKnownFileType = sourcecode.swift; path = Search.swift; sourceTree = "<group>"; };
		A1AD70291D05C55A00407FDF /* MapKit.framework */ = {isa = PBXFileReference; lastKnownFileType = wrapper.framework; name = MapKit.framework; path = System/Library/Frameworks/MapKit.framework; sourceTree = SDKROOT; };
		A1AD705B1D12270100407FDF /* ShowMap.swift */ = {isa = PBXFileReference; fileEncoding = 4; lastKnownFileType = sourcecode.swift; path = ShowMap.swift; sourceTree = "<group>"; };
		A1AD705D1D12A5A700407FDF /* MyList.swift */ = {isa = PBXFileReference; fileEncoding = 4; lastKnownFileType = sourcecode.swift; path = MyList.swift; sourceTree = "<group>"; };
/* End PBXFileReference section */

/* Begin PBXFrameworksBuildPhase section */
		A17167C91CEB102700E7F6AE /* Frameworks */ = {
			isa = PBXFrameworksBuildPhase;
			buildActionMask = 2147483647;
			files = (
				A1AD702A1D05C55A00407FDF /* MapKit.framework in Frameworks */,
			);
			runOnlyForDeploymentPostprocessing = 0;
		};
/* End PBXFrameworksBuildPhase section */

/* Begin PBXGroup section */
		A17167C31CEB102700E7F6AE = {
			isa = PBXGroup;
			children = (
				A1AD70291D05C55A00407FDF /* MapKit.framework */,
				A17167CE1CEB102700E7F6AE /* XMLParsingDemo */,
				A17167CD1CEB102700E7F6AE /* Products */,
			);
			sourceTree = "<group>";
		};
		A17167CD1CEB102700E7F6AE /* Products */ = {
			isa = PBXGroup;
			children = (
				A17167CC1CEB102700E7F6AE /* XMLParsingDemo.app */,
			);
			name = Products;
			sourceTree = "<group>";
		};
		A17167CE1CEB102700E7F6AE /* XMLParsingDemo */ = {
			isa = PBXGroup;
			children = (
				A17167CF1CEB102700E7F6AE /* AppDelegate.swift */,
				A18F23D41D046FAF00129EA7 /* Search.swift */,
				A1AD705B1D12270100407FDF /* ShowMap.swift */,
				A18F23A41D017A7B00129EA7 /* MapView.swift */,
				A1AD705D1D12A5A700407FDF /* MyList.swift */,
				A17167D31CEB102700E7F6AE /* Main.storyboard */,
				A17167D61CEB102700E7F6AE /* Assets.xcassets */,
				A17167D81CEB102700E7F6AE /* LaunchScreen.storyboard */,
				A17167DB1CEB102700E7F6AE /* Info.plist */,
			);
			path = XMLParsingDemo;
			sourceTree = "<group>";
		};
/* End PBXGroup section */

/* Begin PBXNativeTarget section */
		A17167CB1CEB102700E7F6AE /* XMLParsingDemo */ = {
			isa = PBXNativeTarget;
			buildConfigurationList = A17167DE1CEB102700E7F6AE /* Build configuration list for PBXNativeTarget "XMLParsingDemo" */;
			buildPhases = (
				A17167C81CEB102700E7F6AE /* Sources */,
				A17167C91CEB102700E7F6AE /* Frameworks */,
				A17167CA1CEB102700E7F6AE /* Resources */,
			);
			buildRules = (
			);
			dependencies = (
			);
			name = XMLParsingDemo;
			productName = XMLParsingDemo;
			productReference = A17167CC1CEB102700E7F6AE /* XMLParsingDemo.app */;
			productType = "com.apple.product-type.application";
		};
/* End PBXNativeTarget section */

/* Begin PBXProject section */
		A17167C41CEB102700E7F6AE /* Project object */ = {
			isa = PBXProject;
			attributes = {
				LastSwiftUpdateCheck = 0730;
				LastUpgradeCheck = 0730;
				ORGANIZATIONNAME = "Ju Lee";
				TargetAttributes = {
					A17167CB1CEB102700E7F6AE = {
						CreatedOnToolsVersion = 7.3;
					};
				};
			};
			buildConfigurationList = A17167C71CEB102700E7F6AE /* Build configuration list for PBXProject "XMLParsingDemo" */;
			compatibilityVersion = "Xcode 3.2";
			developmentRegion = English;
			hasScannedForEncodings = 0;
			knownRegions = (
				en,
				Base,
			);
			mainGroup = A17167C31CEB102700E7F6AE;
			productRefGroup = A17167CD1CEB102700E7F6AE /* Products */;
			projectDirPath = "";
			projectRoot = "";
			targets = (
				A17167CB1CEB102700E7F6AE /* XMLParsingDemo */,
			);
		};
/* End PBXProject section */

/* Begin PBXResourcesBuildPhase section */
		A17167CA1CEB102700E7F6AE /* Resources */ = {
			isa = PBXResourcesBuildPhase;
			buildActionMask = 2147483647;
			files = (
				A17167DA1CEB102700E7F6AE /* LaunchScreen.storyboard in Resources */,
				A17167D71CEB102700E7F6AE /* Assets.xcassets in Resources */,
				A17167D51CEB102700E7F6AE /* Main.storyboard in Resources */,
			);
			runOnlyForDeploymentPostprocessing = 0;
		};
/* End PBXResourcesBuildPhase section */

/* Begin PBXSourcesBuildPhase section */
		A17167C81CEB102700E7F6AE /* Sources */ = {
			isa = PBXSourcesBuildPhase;
			buildActionMask = 2147483647;
			files = (
				A1AD705E1D12A5A700407FDF /* MyList.swift in Sources */,
				A18F23A51D017A7B00129EA7 /* MapView.swift in Sources */,
				A18F23D51D046FAF00129EA7 /* Search.swift in Sources */,
				A17167D01CEB102700E7F6AE /* AppDelegate.swift in Sources */,
				A1AD705C1D12270100407FDF /* ShowMap.swift in Sources */,
			);
			runOnlyForDeploymentPostprocessing = 0;
		};
/* End PBXSourcesBuildPhase section */

/* Begin PBXVariantGroup section */
		A17167D31CEB102700E7F6AE /* Main.storyboard */ = {
			isa = PBXVariantGroup;
			children = (
				A17167D41CEB102700E7F6AE /* Base */,
			);
			name = Main.storyboard;
			sourceTree = "<group>";
		};
		A17167D81CEB102700E7F6AE /* LaunchScreen.storyboard */ = {
			isa = PBXVariantGroup;
			children = (
				A17167D91CEB102700E7F6AE /* Base */,
			);
			name = LaunchScreen.storyboard;
			sourceTree = "<group>";
		};
/* End PBXVariantGroup section */

/* Begin XCBuildConfiguration section */
		A17167DC1CEB102700E7F6AE /* Debug */ = {
			isa = XCBuildConfiguration;
			buildSettings = {
				ALWAYS_SEARCH_USER_PATHS = NO;
				CLANG_ANALYZER_NONNULL = YES;
				CLANG_CXX_LANGUAGE_STANDARD = "gnu++0x";
				CLANG_CXX_LIBRARY = "libc++";
				CLANG_ENABLE_MODULES = YES;
				CLANG_ENABLE_OBJC_ARC = YES;
				CLANG_WARN_BOOL_CONVERSION = YES;
				CLANG_WARN_CONSTANT_CONVERSION = YES;
				CLANG_WARN_DIRECT_OBJC_ISA_USAGE = YES_ERROR;
				CLANG_WARN_EMPTY_BODY = YES;
				CLANG_WARN_ENUM_CONVERSION = YES;
				CLANG_WARN_INT_CONVERSION = YES;
				CLANG_WARN_OBJC_ROOT_CLASS = YES_ERROR;
				CLANG_WARN_UNREACHABLE_CODE = YES;
				CLANG_WARN__DUPLICATE_METHOD_MATCH = YES;
				"CODE_SIGN_IDENTITY[sdk=iphoneos*]" = "iPhone Developer";
				COPY_PHASE_STRIP = NO;
				DEBUG_INFORMATION_FORMAT = dwarf;
				ENABLE_STRICT_OBJC_MSGSEND = YES;
				ENABLE_TESTABILITY = YES;
				GCC_C_LANGUAGE_STANDARD = gnu99;
				GCC_DYNAMIC_NO_PIC = NO;
				GCC_NO_COMMON_BLOCKS = YES;
				GCC_OPTIMIZATION_LEVEL = 0;
				GCC_PREPROCESSOR_DEFINITIONS = (
					"DEBUG=1",
					"$(inherited)",
				);
				GCC_WARN_64_TO_32_BIT_CONVERSION = YES;
				GCC_WARN_ABOUT_RETURN_TYPE = YES_ERROR;
				GCC_WARN_UNDECLARED_SELECTOR = YES;
				GCC_WARN_UNINITIALIZED_AUTOS = YES_AGGRESSIVE;
				GCC_WARN_UNUSED_FUNCTION = YES;
				GCC_WARN_UNUSED_VARIABLE = YES;
				IPHONEOS_DEPLOYMENT_TARGET = 9.3;
				MTL_ENABLE_DEBUG_INFO = YES;
				ONLY_ACTIVE_ARCH = YES;
				SDKROOT = iphoneos;
				SWIFT_OPTIMIZATION_LEVEL = "-Onone";
				TARGETED_DEVICE_FAMILY = "1,2";
			};
			name = Debug;
		};
		A17167DD1CEB102700E7F6AE /* Release */ = {
			isa = XCBuildConfiguration;
			buildSettings = {
				ALWAYS_SEARCH_USER_PATHS = NO;
				CLANG_ANALYZER_NONNULL = YES;
				CLANG_CXX_LANGUAGE_STANDARD = "gnu++0x";
				CLANG_CXX_LIBRARY = "libc++";
				CLANG_ENABLE_MODULES = YES;
				CLANG_ENABLE_OBJC_ARC = YES;
				CLANG_WARN_BOOL_CONVERSION = YES;
				CLANG_WARN_CONSTANT_CONVERSION = YES;
				CLANG_WARN_DIRECT_OBJC_ISA_USAGE = YES_ERROR;
				CLANG_WARN_EMPTY_BODY = YES;
				CLANG_WARN_ENUM_CONVERSION = YES;
				CLANG_WARN_INT_CONVERSION = YES;
				CLANG_WARN_OBJC_ROOT_CLASS = YES_ERROR;
				CLANG_WARN_UNREACHABLE_CODE = YES;
				CLANG_WARN__DUPLICATE_METHOD_MATCH = YES;
				"CODE_SIGN_IDENTITY[sdk=iphoneos*]" = "iPhone Developer";
				COPY_PHASE_STRIP = NO;
				DEBUG_INFORMATION_FORMAT = "dwarf-with-dsym";
				ENABLE_NS_ASSERTIONS = NO;
				ENABLE_STRICT_OBJC_MSGSEND = YES;
				GCC_C_LANGUAGE_STANDARD = gnu99;
				GCC_NO_COMMON_BLOCKS = YES;
				GCC_WARN_64_TO_32_BIT_CONVERSION = YES;
				GCC_WARN_ABOUT_RETURN_TYPE = YES_ERROR;
				GCC_WARN_UNDECLARED_SELECTOR = YES;
				GCC_WARN_UNINITIALIZED_AUTOS = YES_AGGRESSIVE;
				GCC_WARN_UNUSED_FUNCTION = YES;
				GCC_WARN_UNUSED_VARIABLE = YES;
				IPHONEOS_DEPLOYMENT_TARGET = 9.3;
				MTL_ENABLE_DEBUG_INFO = NO;
				SDKROOT = iphoneos;
				TARGETED_DEVICE_FAMILY = "1,2";
				VALIDATE_PRODUCT = YES;
			};
			name = Release;
		};
		A17167DF1CEB102700E7F6AE /* Debug */ = {
			isa = XCBuildConfiguration;
			buildSettings = {
				ASSETCATALOG_COMPILER_APPICON_NAME = AppIcon;
				INFOPLIST_FILE = XMLParsingDemo/Info.plist;
				LD_RUNPATH_SEARCH_PATHS = "$(inherited) @executable_path/Frameworks";
				PRODUCT_BUNDLE_IDENTIFIER = kpu.2016class.XMLParsingDemo;
				PRODUCT_NAME = "$(TARGET_NAME)";
				TARGETED_DEVICE_FAMILY = 1;
			};
			name = Debug;
		};
		A17167E01CEB102700E7F6AE /* Release */ = {
			isa = XCBuildConfiguration;
			buildSettings = {
				ASSETCATALOG_COMPILER_APPICON_NAME = AppIcon;
				INFOPLIST_FILE = XMLParsingDemo/Info.plist;
				LD_RUNPATH_SEARCH_PATHS = "$(inherited) @executable_path/Frameworks";
				PRODUCT_BUNDLE_IDENTIFIER = kpu.2016class.XMLParsingDemo;
				PRODUCT_NAME = "$(TARGET_NAME)";
				TARGETED_DEVICE_FAMILY = 1;
			};
			name = Release;
		};
/* End XCBuildConfiguration section */

/* Begin XCConfigurationList section */
		A17167C71CEB102700E7F6AE /* Build configuration list for PBXProject "XMLParsingDemo" */ = {
			isa = XCConfigurationList;
			buildConfigurations = (
				A17167DC1CEB102700E7F6AE /* Debug */,
				A17167DD1CEB102700E7F6AE /* Release */,
			);
			defaultConfigurationIsVisible = 0;
			defaultConfigurationName = Release;
		};
		A17167DE1CEB102700E7F6AE /* Build configuration list for PBXNativeTarget "XMLParsingDemo" */ = {
			isa = XCConfigurationList;
			buildConfigurations = (
				A17167DF1CEB102700E7F6AE /* Debug */,
				A17167E01CEB102700E7F6AE /* Release */,
			);
			defaultConfigurationIsVisible = 0;
			defaultConfigurationName = Release;
		};
/* End XCConfigurationList section */
	};
	rootObject = A17167C41CEB102700E7F6AE /* Project object */;
}
